
Microsoft Visual Studio Solution File, Format Version 12.00
# Visual Studio 15
VisualStudioVersion = 15.0.28307.1972
MinimumVisualStudioVersion = 10.0.40219.1
Project("{FAE04EC0-301F-11D3-BF4B-00C04F79EFBC}") = "LB8_2_Client2", "LB8_2_Client2\LB8_2_Client2.csproj", "{23DD59DD-03FF-40A8-9BD3-64606B655C58}"
EndProject
Global
	GlobalSection(SolutionConfigurationPlatforms) = preSolution
		Debug|Any CPU = Debug|Any CPU
		Release|Any CPU = Release|Any CPU
	EndGlobalSection
	GlobalSection(ProjectConfigurationPlatforms) = postSolution
		{23DD59DD-03FF-40A8-9BD3-64606B655C58}.Debug|Any CPU.ActiveCfg = Debug|Any CPU
		{23DD59DD-03FF-40A8-9BD3-64606B655C58}.Debug|Any CPU.Build.0 = Debug|Any CPU
		{23DD59DD-03FF-40A8-9BD3-64606B655C58}.Release|Any CPU.ActiveCfg = Release|Any CPU
		{23DD59DD-03FF-40A8-9BD3-64606B655C58}.Release|Any CPU.Build.0 = Release|Any CPU
	EndGlobalSection
	GlobalSection(SolutionProperties) = preSolution
		HideSolutionNode = FALSE
	EndGlobalSection
	GlobalSection(ExtensibilityGlobals) = postSolution
		SolutionGuid = {FE31AB8E-98FB-4592-AE66-F5D6F731222A}
	EndGlobalSection
EndGlobal
